{
  "name": "@jxtools/atlas",
  "version": "4.0.0",
  "lockfileVersion": 3,
  "requires": true,
  "packages": {
    "": {
      "name": "@jxtools/atlas",
      "version": "4.0.0",
      "license": "ISC",
      "bin": {
        "atlas": "lib/cli.js"
      },
      "engines": {
        "node": ">=18.0.0"
      }
    }
  }
}
